{
  "name": "time-sched",
  "version": "1.0.0b",
  "lockfileVersion": 1,
  "requires": true,
  "dependencies": {
    "json-valid-3k": {
      "version": "1.0.1-f",
      "resolved": "https://registry.npmjs.org/json-valid-3k/-/json-valid-3k-1.0.1-f.tgz",
      "integrity": "sha512-d1O278Q6lWjOkS5lE3Y85m1F+tvuTg64M2WR4LtbuwfjiF+oXkh1kBg2viU23J4iaux+2gTAiQ7508+pEpv+Mg==",
      "requires": {
        "zletools": "^1.0.0-d"
      }
    },
    "zletools": {
      "version": "1.0.0-d",
      "resolved": "https://registry.npmjs.org/zletools/-/zletools-1.0.0-d.tgz",
      "integrity": "sha512-RYNngQsZ1NxSvnqInDUwMz68A4GeqhE8z9I5TGrOjL5ppTXaUHvyjh/HA9cL9zrs40QdWSZRIgCGnNn/rttsVw=="
    }
  }
}
